// !$*UTF8*$!
{
	archiveVersion = 1;
	classes = {
	};
	objectVersion = 46;
	objects = {

/* Begin PBXBuildFile section */
		B858F9951BABA57F00605A09 /* AppDelegate.swift in Sources */ = {isa = PBXBuildFile; fileRef = B858F9941BABA57F00605A09 /* AppDelegate.swift */; };
		B858F99A1BABA57F00605A09 /* Main.storyboard in Resources */ = {isa = PBXBuildFile; fileRef = B858F9981BABA57F00605A09 /* Main.storyboard */; };
		B858F99C1BABA57F00605A09 /* Assets.xcassets in Resources */ = {isa = PBXBuildFile; fileRef = B858F99B1BABA57F00605A09 /* Assets.xcassets */; };
		B858F99F1BABA57F00605A09 /* LaunchScreen.storyboard in Resources */ = {isa = PBXBuildFile; fileRef = B858F99D1BABA57F00605A09 /* LaunchScreen.storyboard */; };
		B858F9A71BABAB2200605A09 /* MessagesViewController.swift in Sources */ = {isa = PBXBuildFile; fileRef = B858F9A61BABAB2200605A09 /* MessagesViewController.swift */; settings = {ASSET_TAGS = (); }; };
		B858F9A91BABAB5000605A09 /* SettingsViewController.swift in Sources */ = {isa = PBXBuildFile; fileRef = B858F9A81BABAB5000605A09 /* SettingsViewController.swift */; settings = {ASSET_TAGS = (); }; };
		B858F9AC1BABB14000605A09 /* NewMessage.swift in Sources */ = {isa = PBXBuildFile; fileRef = B858F9AB1BABB14000605A09 /* NewMessage.swift */; settings = {ASSET_TAGS = (); }; };
		B875566F1BAC6C8100F033AE /* UIPickerViewController.swift in Sources */ = {isa = PBXBuildFile; fileRef = B875566E1BAC6C8100F033AE /* UIPickerViewController.swift */; settings = {ASSET_TAGS = (); }; };
		B8D2627C1BACFD3D0045B232 /* Message.swift in Sources */ = {isa = PBXBuildFile; fileRef = B8D2627B1BACFD3D0045B232 /* Message.swift */; settings = {ASSET_TAGS = (); }; };
		B8D2627F1BB041820045B232 /* MessageCell.swift in Sources */ = {isa = PBXBuildFile; fileRef = B8D2627E1BB041820045B232 /* MessageCell.swift */; settings = {ASSET_TAGS = (); }; };
/* End PBXBuildFile section */

/* Begin PBXFileReference section */
		B858F9911BABA57F00605A09 /* HappyChat.app */ = {isa = PBXFileReference; explicitFileType = wrapper.application; includeInIndex = 0; path = HappyChat.app; sourceTree = BUILT_PRODUCTS_DIR; };
		B858F9941BABA57F00605A09 /* AppDelegate.swift */ = {isa = PBXFileReference; lastKnownFileType = sourcecode.swift; path = AppDelegate.swift; sourceTree = "<group>"; };
		B858F9991BABA57F00605A09 /* Base */ = {isa = PBXFileReference; lastKnownFileType = file.storyboard; name = Base; path = Base.lproj/Main.storyboard; sourceTree = "<group>"; };
		B858F99B1BABA57F00605A09 /* Assets.xcassets */ = {isa = PBXFileReference; lastKnownFileType = folder.assetcatalog; path = Assets.xcassets; sourceTree = "<group>"; };
		B858F99E1BABA57F00605A09 /* Base */ = {isa = PBXFileReference; lastKnownFileType = file.storyboard; name = Base; path = Base.lproj/LaunchScreen.storyboard; sourceTree = "<group>"; };
		B858F9A01BABA57F00605A09 /* Info.plist */ = {isa = PBXFileReference; lastKnownFileType = text.plist.xml; path = Info.plist; sourceTree = "<group>"; };
		B858F9A61BABAB2200605A09 /* MessagesViewController.swift */ = {isa = PBXFileReference; fileEncoding = 4; lastKnownFileType = sourcecode.swift; path = MessagesViewController.swift; sourceTree = "<group>"; };
		B858F9A81BABAB5000605A09 /* SettingsViewController.swift */ = {isa = PBXFileReference; fileEncoding = 4; lastKnownFileType = sourcecode.swift; name = SettingsViewController.swift; path = ../SettingsViewController.swift; sourceTree = "<group>"; };
		B858F9AB1BABB14000605A09 /* NewMessage.swift */ = {isa = PBXFileReference; fileEncoding = 4; lastKnownFileType = sourcecode.swift; path = NewMessage.swift; sourceTree = "<group>"; };
		B875566E1BAC6C8100F033AE /* UIPickerViewController.swift */ = {isa = PBXFileReference; fileEncoding = 4; lastKnownFileType = sourcecode.swift; path = UIPickerViewController.swift; sourceTree = "<group>"; };
		B8D2627B1BACFD3D0045B232 /* Message.swift */ = {isa = PBXFileReference; fileEncoding = 4; lastKnownFileType = sourcecode.swift; path = Message.swift; sourceTree = "<group>"; };
		B8D2627E1BB041820045B232 /* MessageCell.swift */ = {isa = PBXFileReference; fileEncoding = 4; lastKnownFileType = sourcecode.swift; path = MessageCell.swift; sourceTree = "<group>"; };
/* End PBXFileReference section */

/* Begin PBXFrameworksBuildPhase section */
		B858F98E1BABA57F00605A09 /* Frameworks */ = {
			isa = PBXFrameworksBuildPhase;
			buildActionMask = 2147483647;
			files = (
			);
			runOnlyForDeploymentPostprocessing = 0;
		};
/* End PBXFrameworksBuildPhase section */

/* Begin PBXGroup section */
		B858F9881BABA57F00605A09 = {
			isa = PBXGroup;
			children = (
				B858F9931BABA57F00605A09 /* HappyChat */,
				B858F9921BABA57F00605A09 /* Products */,
			);
			sourceTree = "<group>";
		};
		B858F9921BABA57F00605A09 /* Products */ = {
			isa = PBXGroup;
			children = (
				B858F9911BABA57F00605A09 /* HappyChat.app */,
			);
			name = Products;
			sourceTree = "<group>";
		};
		B858F9931BABA57F00605A09 /* HappyChat */ = {
			isa = PBXGroup;
			children = (
				B858F9AA1BABAB5A00605A09 /* Controllers */,
				B8D2627D1BACFD710045B232 /* Models */,
				B858F9941BABA57F00605A09 /* AppDelegate.swift */,
				B858F9981BABA57F00605A09 /* Main.storyboard */,
				B858F9AB1BABB14000605A09 /* NewMessage.swift */,
				B858F99B1BABA57F00605A09 /* Assets.xcassets */,
				B858F99D1BABA57F00605A09 /* LaunchScreen.storyboard */,
				B858F9A01BABA57F00605A09 /* Info.plist */,
			);
			path = HappyChat;
			sourceTree = "<group>";
		};
		B858F9AA1BABAB5A00605A09 /* Controllers */ = {
			isa = PBXGroup;
			children = (
				B875566E1BAC6C8100F033AE /* UIPickerViewController.swift */,
				B858F9A81BABAB5000605A09 /* SettingsViewController.swift */,
				B858F9A61BABAB2200605A09 /* MessagesViewController.swift */,
			);
			name = Controllers;
			sourceTree = "<group>";
		};
		B8D2627D1BACFD710045B232 /* Models */ = {
			isa = PBXGroup;
			children = (
				B8D2627B1BACFD3D0045B232 /* Message.swift */,
				B8D2627E1BB041820045B232 /* MessageCell.swift */,
			);
			name = Models;
			sourceTree = "<group>";
		};
/* End PBXGroup section */

/* Begin PBXNativeTarget section */
		B858F9901BABA57F00605A09 /* HappyChat */ = {
			isa = PBXNativeTarget;
			buildConfigurationList = B858F9A31BABA57F00605A09 /* Build configuration list for PBXNativeTarget "HappyChat" */;
			buildPhases = (
				B858F98D1BABA57F00605A09 /* Sources */,
				B858F98E1BABA57F00605A09 /* Frameworks */,
				B858F98F1BABA57F00605A09 /* Resources */,
			);
			buildRules = (
			);
			dependencies = (
			);
			name = HappyChat;
			productName = HappyChat;
			productReference = B858F9911BABA57F00605A09 /* HappyChat.app */;
			productType = "com.apple.product-type.application";
		};
/* End PBXNativeTarget section */

/* Begin PBXProject section */
		B858F9891BABA57F00605A09 /* Project object */ = {
			isa = PBXProject;
			attributes = {
				LastUpgradeCheck = 0700;
				ORGANIZATIONNAME = "Dorothy Thurston";
				TargetAttributes = {
					B858F9901BABA57F00605A09 = {
						CreatedOnToolsVersion = 7.0;
					};
				};
			};
			buildConfigurationList = B858F98C1BABA57F00605A09 /* Build configuration list for PBXProject "HappyChat" */;
			compatibilityVersion = "Xcode 3.2";
			developmentRegion = English;
			hasScannedForEncodings = 0;
			knownRegions = (
				en,
				Base,
			);
			mainGroup = B858F9881BABA57F00605A09;
			productRefGroup = B858F9921BABA57F00605A09 /* Products */;
			projectDirPath = "";
			projectRoot = "";
			targets = (
				B858F9901BABA57F00605A09 /* HappyChat */,
			);
		};
/* End PBXProject section */

/* Begin PBXResourcesBuildPhase section */
		B858F98F1BABA57F00605A09 /* Resources */ = {
			isa = PBXResourcesBuildPhase;
			buildActionMask = 2147483647;
			files = (
				B858F99F1BABA57F00605A09 /* LaunchScreen.storyboard in Resources */,
				B858F99C1BABA57F00605A09 /* Assets.xcassets in Resources */,
				B858F99A1BABA57F00605A09 /* Main.storyboard in Resources */,
			);
			runOnlyForDeploymentPostprocessing = 0;
		};
/* End PBXResourcesBuildPhase section */

/* Begin PBXSourcesBuildPhase section */
		B858F98D1BABA57F00605A09 /* Sources */ = {
			isa = PBXSourcesBuildPhase;
			buildActionMask = 2147483647;
			files = (
				B875566F1BAC6C8100F033AE /* UIPickerViewController.swift in Sources */,
				B858F9A71BABAB2200605A09 /* MessagesViewController.swift in Sources */,
				B858F9951BABA57F00605A09 /* AppDelegate.swift in Sources */,
				B8D2627C1BACFD3D0045B232 /* Message.swift in Sources */,
				B858F9AC1BABB14000605A09 /* NewMessage.swift in Sources */,
				B858F9A91BABAB5000605A09 /* SettingsViewController.swift in Sources */,
				B8D2627F1BB041820045B232 /* MessageCell.swift in Sources */,
			);
			runOnlyForDeploymentPostprocessing = 0;
		};
/* End PBXSourcesBuildPhase section */

/* Begin PBXVariantGroup section */
		B858F9981BABA57F00605A09 /* Main.storyboard */ = {
			isa = PBXVariantGroup;
			children = (
				B858F9991BABA57F00605A09 /* Base */,
			);
			name = Main.storyboard;
			sourceTree = "<group>";
		};
		B858F99D1BABA57F00605A09 /* LaunchScreen.storyboard */ = {
			isa = PBXVariantGroup;
			children = (
				B858F99E1BABA57F00605A09 /* Base */,
			);
			name = LaunchScreen.storyboard;
			sourceTree = "<group>";
		};
/* End PBXVariantGroup section */

/* Begin XCBuildConfiguration section */
		B858F9A11BABA57F00605A09 /* Debug */ = {
			isa = XCBuildConfiguration;
			buildSettings = {
				ALWAYS_SEARCH_USER_PATHS = NO;
				CLANG_CXX_LANGUAGE_STANDARD = "gnu++0x";
				CLANG_CXX_LIBRARY = "libc++";
				CLANG_ENABLE_MODULES = YES;
				CLANG_ENABLE_OBJC_ARC = YES;
				CLANG_WARN_BOOL_CONVERSION = YES;
				CLANG_WARN_CONSTANT_CONVERSION = YES;
				CLANG_WARN_DIRECT_OBJC_ISA_USAGE = YES_ERROR;
				CLANG_WARN_EMPTY_BODY = YES;
				CLANG_WARN_ENUM_CONVERSION = YES;
				CLANG_WARN_INT_CONVERSION = YES;
				CLANG_WARN_OBJC_ROOT_CLASS = YES_ERROR;
				CLANG_WARN_UNREACHABLE_CODE = YES;
				CLANG_WARN__DUPLICATE_METHOD_MATCH = YES;
				"CODE_SIGN_IDENTITY[sdk=iphoneos*]" = "iPhone Developer";
				COPY_PHASE_STRIP = NO;
				DEBUG_INFORMATION_FORMAT = dwarf;
				ENABLE_STRICT_OBJC_MSGSEND = YES;
				ENABLE_TESTABILITY = YES;
				GCC_C_LANGUAGE_STANDARD = gnu99;
				GCC_DYNAMIC_NO_PIC = NO;
				GCC_NO_COMMON_BLOCKS = YES;
				GCC_OPTIMIZATION_LEVEL = 0;
				GCC_PREPROCESSOR_DEFINITIONS = (
					"DEBUG=1",
					"$(inherited)",
				);
				GCC_WARN_64_TO_32_BIT_CONVERSION = YES;
				GCC_WARN_ABOUT_RETURN_TYPE = YES_ERROR;
				GCC_WARN_UNDECLARED_SELECTOR = YES;
				GCC_WARN_UNINITIALIZED_AUTOS = YES_AGGRESSIVE;
				GCC_WARN_UNUSED_FUNCTION = YES;
				GCC_WARN_UNUSED_VARIABLE = YES;
				IPHONEOS_DEPLOYMENT_TARGET = 9.0;
				MTL_ENABLE_DEBUG_INFO = YES;
				ONLY_ACTIVE_ARCH = YES;
				SDKROOT = iphoneos;
				SWIFT_OPTIMIZATION_LEVEL = "-Onone";
			};
			name = Debug;
		};
		B858F9A21BABA57F00605A09 /* Release */ = {
			isa = XCBuildConfiguration;
			buildSettings = {
				ALWAYS_SEARCH_USER_PATHS = NO;
				CLANG_CXX_LANGUAGE_STANDARD = "gnu++0x";
				CLANG_CXX_LIBRARY = "libc++";
				CLANG_ENABLE_MODULES = YES;
				CLANG_ENABLE_OBJC_ARC = YES;
				CLANG_WARN_BOOL_CONVERSION = YES;
				CLANG_WARN_CONSTANT_CONVERSION = YES;
				CLANG_WARN_DIRECT_OBJC_ISA_USAGE = YES_ERROR;
				CLANG_WARN_EMPTY_BODY = YES;
				CLANG_WARN_ENUM_CONVERSION = YES;
				CLANG_WARN_INT_CONVERSION = YES;
				CLANG_WARN_OBJC_ROOT_CLASS = YES_ERROR;
				CLANG_WARN_UNREACHABLE_CODE = YES;
				CLANG_WARN__DUPLICATE_METHOD_MATCH = YES;
				"CODE_SIGN_IDENTITY[sdk=iphoneos*]" = "iPhone Developer";
				COPY_PHASE_STRIP = NO;
				DEBUG_INFORMATION_FORMAT = "dwarf-with-dsym";
				ENABLE_NS_ASSERTIONS = NO;
				ENABLE_STRICT_OBJC_MSGSEND = YES;
				GCC_C_LANGUAGE_STANDARD = gnu99;
				GCC_NO_COMMON_BLOCKS = YES;
				GCC_WARN_64_TO_32_BIT_CONVERSION = YES;
				GCC_WARN_ABOUT_RETURN_TYPE = YES_ERROR;
				GCC_WARN_UNDECLARED_SELECTOR = YES;
				GCC_WARN_UNINITIALIZED_AUTOS = YES_AGGRESSIVE;
				GCC_WARN_UNUSED_FUNCTION = YES;
				GCC_WARN_UNUSED_VARIABLE = YES;
				IPHONEOS_DEPLOYMENT_TARGET = 9.0;
				MTL_ENABLE_DEBUG_INFO = NO;
				SDKROOT = iphoneos;
				VALIDATE_PRODUCT = YES;
			};
			name = Release;
		};
		B858F9A41BABA57F00605A09 /* Debug */ = {
			isa = XCBuildConfiguration;
			buildSettings = {
				ASSETCATALOG_COMPILER_APPICON_NAME = AppIcon;
				INFOPLIST_FILE = HappyChat/Info.plist;
				LD_RUNPATH_SEARCH_PATHS = "$(inherited) @executable_path/Frameworks";
				PRODUCT_BUNDLE_IDENTIFIER = dorothy.HappyChat;
				PRODUCT_NAME = "$(TARGET_NAME)";
			};
			name = Debug;
		};
		B858F9A51BABA57F00605A09 /* Release */ = {
			isa = XCBuildConfiguration;
			buildSettings = {
				ASSETCATALOG_COMPILER_APPICON_NAME = AppIcon;
				INFOPLIST_FILE = HappyChat/Info.plist;
				LD_RUNPATH_SEARCH_PATHS = "$(inherited) @executable_path/Frameworks";
				PRODUCT_BUNDLE_IDENTIFIER = dorothy.HappyChat;
				PRODUCT_NAME = "$(TARGET_NAME)";
			};
			name = Release;
		};
/* End XCBuildConfiguration section */

/* Begin XCConfigurationList section */
		B858F98C1BABA57F00605A09 /* Build configuration list for PBXProject "HappyChat" */ = {
			isa = XCConfigurationList;
			buildConfigurations = (
				B858F9A11BABA57F00605A09 /* Debug */,
				B858F9A21BABA57F00605A09 /* Release */,
			);
			defaultConfigurationIsVisible = 0;
			defaultConfigurationName = Release;
		};
		B858F9A31BABA57F00605A09 /* Build configuration list for PBXNativeTarget "HappyChat" */ = {
			isa = XCConfigurationList;
			buildConfigurations = (
				B858F9A41BABA57F00605A09 /* Debug */,
				B858F9A51BABA57F00605A09 /* Release */,
			);
			defaultConfigurationIsVisible = 0;
			defaultConfigurationName = Release;
		};
/* End XCConfigurationList section */
	};
	rootObject = B858F9891BABA57F00605A09 /* Project object */;
}
